// !$*UTF8*$!
{
	archiveVersion = 1;
	classes = {
	};
	objectVersion = 51;
	objects = {

/* Begin PBXBuildFile section */
		4DEAF25FE33E18F7D70DCAD0 /* Pods_prestigio_bulb.framework in Frameworks */ = {isa = PBXBuildFile; fileRef = 8BBA095E596D6DE835413E63 /* Pods_prestigio_bulb.framework */; };
		AD69F7112441C3CC00998E4D /* AppDelegate.swift in Sources */ = {isa = PBXBuildFile; fileRef = AD69F7102441C3CC00998E4D /* AppDelegate.swift */; };
		AD69F7132441C3CC00998E4D /* SceneDelegate.swift in Sources */ = {isa = PBXBuildFile; fileRef = AD69F7122441C3CC00998E4D /* SceneDelegate.swift */; };
		AD69F7152441C3CC00998E4D /* ContentView.swift in Sources */ = {isa = PBXBuildFile; fileRef = AD69F7142441C3CC00998E4D /* ContentView.swift */; };
		AD69F7172441C3CE00998E4D /* Assets.xcassets in Resources */ = {isa = PBXBuildFile; fileRef = AD69F7162441C3CE00998E4D /* Assets.xcassets */; };
		AD69F71A2441C3CE00998E4D /* Preview Assets.xcassets in Resources */ = {isa = PBXBuildFile; fileRef = AD69F7192441C3CE00998E4D /* Preview Assets.xcassets */; };
		AD69F71D2441C3CE00998E4D /* LaunchScreen.storyboard in Resources */ = {isa = PBXBuildFile; fileRef = AD69F71B2441C3CE00998E4D /* LaunchScreen.storyboard */; };
		AD78C0FB24421EAB0077285F /* BulbControl.swift in Sources */ = {isa = PBXBuildFile; fileRef = AD78C0FA24421EAB0077285F /* BulbControl.swift */; };
		AD78C0FD24421FAA0077285F /* BulbControlDelegate.swift in Sources */ = {isa = PBXBuildFile; fileRef = AD78C0FC24421FAA0077285F /* BulbControlDelegate.swift */; };
/* End PBXBuildFile section */

/* Begin PBXFileReference section */
		8BBA095E596D6DE835413E63 /* Pods_prestigio_bulb.framework */ = {isa = PBXFileReference; explicitFileType = wrapper.framework; includeInIndex = 0; path = Pods_prestigio_bulb.framework; sourceTree = BUILT_PRODUCTS_DIR; };
		AD69F70D2441C3CC00998E4D /* prestigio-bulb.app */ = {isa = PBXFileReference; explicitFileType = wrapper.application; includeInIndex = 0; path = "prestigio-bulb.app"; sourceTree = BUILT_PRODUCTS_DIR; };
		AD69F7102441C3CC00998E4D /* AppDelegate.swift */ = {isa = PBXFileReference; lastKnownFileType = sourcecode.swift; path = AppDelegate.swift; sourceTree = "<group>"; };
		AD69F7122441C3CC00998E4D /* SceneDelegate.swift */ = {isa = PBXFileReference; lastKnownFileType = sourcecode.swift; path = SceneDelegate.swift; sourceTree = "<group>"; };
		AD69F7142441C3CC00998E4D /* ContentView.swift */ = {isa = PBXFileReference; lastKnownFileType = sourcecode.swift; path = ContentView.swift; sourceTree = "<group>"; };
		AD69F7162441C3CE00998E4D /* Assets.xcassets */ = {isa = PBXFileReference; lastKnownFileType = folder.assetcatalog; path = Assets.xcassets; sourceTree = "<group>"; };
		AD69F7192441C3CE00998E4D /* Preview Assets.xcassets */ = {isa = PBXFileReference; lastKnownFileType = folder.assetcatalog; path = "Preview Assets.xcassets"; sourceTree = "<group>"; };
		AD69F71C2441C3CE00998E4D /* Base */ = {isa = PBXFileReference; lastKnownFileType = file.storyboard; name = Base; path = Base.lproj/LaunchScreen.storyboard; sourceTree = "<group>"; };
		AD69F71E2441C3CE00998E4D /* Info.plist */ = {isa = PBXFileReference; lastKnownFileType = text.plist.xml; path = Info.plist; sourceTree = "<group>"; };
		AD78C0FA24421EAB0077285F /* BulbControl.swift */ = {isa = PBXFileReference; lastKnownFileType = sourcecode.swift; path = BulbControl.swift; sourceTree = "<group>"; };
		AD78C0FC24421FAA0077285F /* BulbControlDelegate.swift */ = {isa = PBXFileReference; lastKnownFileType = sourcecode.swift; path = BulbControlDelegate.swift; sourceTree = "<group>"; };
		D11841CD011B9C079BB3A6B0 /* Pods-prestigio-bulb.release.xcconfig */ = {isa = PBXFileReference; includeInIndex = 1; lastKnownFileType = text.xcconfig; name = "Pods-prestigio-bulb.release.xcconfig"; path = "Target Support Files/Pods-prestigio-bulb/Pods-prestigio-bulb.release.xcconfig"; sourceTree = "<group>"; };
		EA83A2F0BAFEA7A1F25FD691 /* Pods-prestigio-bulb.debug.xcconfig */ = {isa = PBXFileReference; includeInIndex = 1; lastKnownFileType = text.xcconfig; name = "Pods-prestigio-bulb.debug.xcconfig"; path = "Target Support Files/Pods-prestigio-bulb/Pods-prestigio-bulb.debug.xcconfig"; sourceTree = "<group>"; };
/* End PBXFileReference section */

/* Begin PBXFrameworksBuildPhase section */
		AD69F70A2441C3CC00998E4D /* Frameworks */ = {
			isa = PBXFrameworksBuildPhase;
			buildActionMask = 2147483647;
			files = (
				4DEAF25FE33E18F7D70DCAD0 /* Pods_prestigio_bulb.framework in Frameworks */,
			);
			runOnlyForDeploymentPostprocessing = 0;
		};
/* End PBXFrameworksBuildPhase section */

/* Begin PBXGroup section */
		AD69F7042441C3CC00998E4D = {
			isa = PBXGroup;
			children = (
				AD69F70F2441C3CC00998E4D /* prestigio-bulb */,
				AD69F70E2441C3CC00998E4D /* Products */,
				CDFD6DCC0CA75CD3DD804A30 /* Pods */,
				F0447DBFB187A387FDCB9C02 /* Frameworks */,
			);
			sourceTree = "<group>";
		};
		AD69F70E2441C3CC00998E4D /* Products */ = {
			isa = PBXGroup;
			children = (
				AD69F70D2441C3CC00998E4D /* prestigio-bulb.app */,
			);
			name = Products;
			sourceTree = "<group>";
		};
		AD69F70F2441C3CC00998E4D /* prestigio-bulb */ = {
			isa = PBXGroup;
			children = (
				AD78C0FA24421EAB0077285F /* BulbControl.swift */,
				AD78C0FC24421FAA0077285F /* BulbControlDelegate.swift */,
				AD69F7102441C3CC00998E4D /* AppDelegate.swift */,
				AD69F7122441C3CC00998E4D /* SceneDelegate.swift */,
				AD69F7142441C3CC00998E4D /* ContentView.swift */,
				AD69F7162441C3CE00998E4D /* Assets.xcassets */,
				AD69F71B2441C3CE00998E4D /* LaunchScreen.storyboard */,
				AD69F71E2441C3CE00998E4D /* Info.plist */,
				AD69F7182441C3CE00998E4D /* Preview Content */,
			);
			path = "prestigio-bulb";
			sourceTree = "<group>";
		};
		AD69F7182441C3CE00998E4D /* Preview Content */ = {
			isa = PBXGroup;
			children = (
				AD69F7192441C3CE00998E4D /* Preview Assets.xcassets */,
			);
			path = "Preview Content";
			sourceTree = "<group>";
		};
		CDFD6DCC0CA75CD3DD804A30 /* Pods */ = {
			isa = PBXGroup;
			children = (
				EA83A2F0BAFEA7A1F25FD691 /* Pods-prestigio-bulb.debug.xcconfig */,
				D11841CD011B9C079BB3A6B0 /* Pods-prestigio-bulb.release.xcconfig */,
			);
			path = Pods;
			sourceTree = "<group>";
		};
		F0447DBFB187A387FDCB9C02 /* Frameworks */ = {
			isa = PBXGroup;
			children = (
				8BBA095E596D6DE835413E63 /* Pods_prestigio_bulb.framework */,
			);
			name = Frameworks;
			sourceTree = "<group>";
		};
/* End PBXGroup section */

/* Begin PBXNativeTarget section */
		AD69F70C2441C3CC00998E4D /* prestigio-bulb */ = {
			isa = PBXNativeTarget;
			buildConfigurationList = AD69F7212441C3CE00998E4D /* Build configuration list for PBXNativeTarget "prestigio-bulb" */;
			buildPhases = (
				7F810710F924B24EA2938965 /* [CP] Check Pods Manifest.lock */,
				AD69F7092441C3CC00998E4D /* Sources */,
				AD69F70A2441C3CC00998E4D /* Frameworks */,
				AD69F70B2441C3CC00998E4D /* Resources */,
				50513B04AF67C438E56222B9 /* [CP] Embed Pods Frameworks */,
			);
			buildRules = (
			);
			dependencies = (
			);
			name = "prestigio-bulb";
			productName = "prestigio-bulb";
			productReference = AD69F70D2441C3CC00998E4D /* prestigio-bulb.app */;
			productType = "com.apple.product-type.application";
		};
/* End PBXNativeTarget section */

/* Begin PBXProject section */
		AD69F7052441C3CC00998E4D /* Project object */ = {
			isa = PBXProject;
			attributes = {
				LastSwiftUpdateCheck = 1140;
				LastUpgradeCheck = 1140;
				ORGANIZATIONNAME = CodeLens;
				TargetAttributes = {
					AD69F70C2441C3CC00998E4D = {
						CreatedOnToolsVersion = 11.4;
					};
				};
			};
			buildConfigurationList = AD69F7082441C3CC00998E4D /* Build configuration list for PBXProject "prestigio-bulb" */;
			compatibilityVersion = "Xcode 9.3";
			developmentRegion = en;
			hasScannedForEncodings = 0;
			knownRegions = (
				en,
				Base,
			);
			mainGroup = AD69F7042441C3CC00998E4D;
			productRefGroup = AD69F70E2441C3CC00998E4D /* Products */;
			projectDirPath = "";
			projectRoot = "";
			targets = (
				AD69F70C2441C3CC00998E4D /* prestigio-bulb */,
			);
		};
/* End PBXProject section */

/* Begin PBXResourcesBuildPhase section */
		AD69F70B2441C3CC00998E4D /* Resources */ = {
			isa = PBXResourcesBuildPhase;
			buildActionMask = 2147483647;
			files = (
				AD69F71D2441C3CE00998E4D /* LaunchScreen.storyboard in Resources */,
				AD69F71A2441C3CE00998E4D /* Preview Assets.xcassets in Resources */,
				AD69F7172441C3CE00998E4D /* Assets.xcassets in Resources */,
			);
			runOnlyForDeploymentPostprocessing = 0;
		};
/* End PBXResourcesBuildPhase section */

/* Begin PBXShellScriptBuildPhase section */
		50513B04AF67C438E56222B9 /* [CP] Embed Pods Frameworks */ = {
			isa = PBXShellScriptBuildPhase;
			buildActionMask = 2147483647;
			files = (
			);
			inputFileListPaths = (
				"${PODS_ROOT}/Target Support Files/Pods-prestigio-bulb/Pods-prestigio-bulb-frameworks-${CONFIGURATION}-input-files.xcfilelist",
			);
			name = "[CP] Embed Pods Frameworks";
			outputFileListPaths = (
				"${PODS_ROOT}/Target Support Files/Pods-prestigio-bulb/Pods-prestigio-bulb-frameworks-${CONFIGURATION}-output-files.xcfilelist",
			);
			runOnlyForDeploymentPostprocessing = 0;
			shellPath = /bin/sh;
			shellScript = "\"${PODS_ROOT}/Target Support Files/Pods-prestigio-bulb/Pods-prestigio-bulb-frameworks.sh\"\n";
			showEnvVarsInLog = 0;
		};
		7F810710F924B24EA2938965 /* [CP] Check Pods Manifest.lock */ = {
			isa = PBXShellScriptBuildPhase;
			buildActionMask = 2147483647;
			files = (
			);
			inputFileListPaths = (
			);
			inputPaths = (
				"${PODS_PODFILE_DIR_PATH}/Podfile.lock",
				"${PODS_ROOT}/Manifest.lock",
			);
			name = "[CP] Check Pods Manifest.lock";
			outputFileListPaths = (
			);
			outputPaths = (
				"$(DERIVED_FILE_DIR)/Pods-prestigio-bulb-checkManifestLockResult.txt",
			);
			runOnlyForDeploymentPostprocessing = 0;
			shellPath = /bin/sh;
			shellScript = "diff \"${PODS_PODFILE_DIR_PATH}/Podfile.lock\" \"${PODS_ROOT}/Manifest.lock\" > /dev/null\nif [ $? != 0 ] ; then\n    # print error to STDERR\n    echo \"error: The sandbox is not in sync with the Podfile.lock. Run 'pod install' or update your CocoaPods installation.\" >&2\n    exit 1\nfi\n# This output is used by Xcode 'outputs' to avoid re-running this script phase.\necho \"SUCCESS\" > \"${SCRIPT_OUTPUT_FILE_0}\"\n";
			showEnvVarsInLog = 0;
		};
/* End PBXShellScriptBuildPhase section */

/* Begin PBXSourcesBuildPhase section */
		AD69F7092441C3CC00998E4D /* Sources */ = {
			isa = PBXSourcesBuildPhase;
			buildActionMask = 2147483647;
			files = (
				AD78C0FD24421FAA0077285F /* BulbControlDelegate.swift in Sources */,
				AD78C0FB24421EAB0077285F /* BulbControl.swift in Sources */,
				AD69F7112441C3CC00998E4D /* AppDelegate.swift in Sources */,
				AD69F7132441C3CC00998E4D /* SceneDelegate.swift in Sources */,
				AD69F7152441C3CC00998E4D /* ContentView.swift in Sources */,
			);
			runOnlyForDeploymentPostprocessing = 0;
		};
/* End PBXSourcesBuildPhase section */

/* Begin PBXVariantGroup section */
		AD69F71B2441C3CE00998E4D /* LaunchScreen.storyboard */ = {
			isa = PBXVariantGroup;
			children = (
				AD69F71C2441C3CE00998E4D /* Base */,
			);
			name = LaunchScreen.storyboard;
			sourceTree = "<group>";
		};
/* End PBXVariantGroup section */

/* Begin XCBuildConfiguration section */
		AD69F71F2441C3CE00998E4D /* Debug */ = {
			isa = XCBuildConfiguration;
			buildSettings = {
				ALWAYS_SEARCH_USER_PATHS = NO;
				CLANG_ANALYZER_NONNULL = YES;
				CLANG_ANALYZER_NUMBER_OBJECT_CONVERSION = YES_AGGRESSIVE;
				CLANG_CXX_LANGUAGE_STANDARD = "gnu++14";
				CLANG_CXX_LIBRARY = "libc++";
				CLANG_ENABLE_MODULES = YES;
				CLANG_ENABLE_OBJC_ARC = YES;
				CLANG_ENABLE_OBJC_WEAK = YES;
				CLANG_WARN_BLOCK_CAPTURE_AUTORELEASING = YES;
				CLANG_WARN_BOOL_CONVERSION = YES;
				CLANG_WARN_COMMA = YES;
				CLANG_WARN_CONSTANT_CONVERSION = YES;
				CLANG_WARN_DEPRECATED_OBJC_IMPLEMENTATIONS = YES;
				CLANG_WARN_DIRECT_OBJC_ISA_USAGE = YES_ERROR;
				CLANG_WARN_DOCUMENTATION_COMMENTS = YES;
				CLANG_WARN_EMPTY_BODY = YES;
				CLANG_WARN_ENUM_CONVERSION = YES;
				CLANG_WARN_INFINITE_RECURSION = YES;
				CLANG_WARN_INT_CONVERSION = YES;
				CLANG_WARN_NON_LITERAL_NULL_CONVERSION = YES;
				CLANG_WARN_OBJC_IMPLICIT_RETAIN_SELF = YES;
				CLANG_WARN_OBJC_LITERAL_CONVERSION = YES;
				CLANG_WARN_OBJC_ROOT_CLASS = YES_ERROR;
				CLANG_WARN_RANGE_LOOP_ANALYSIS = YES;
				CLANG_WARN_STRICT_PROTOTYPES = YES;
				CLANG_WARN_SUSPICIOUS_MOVE = YES;
				CLANG_WARN_UNGUARDED_AVAILABILITY = YES_AGGRESSIVE;
				CLANG_WARN_UNREACHABLE_CODE = YES;
				CLANG_WARN__DUPLICATE_METHOD_MATCH = YES;
				COPY_PHASE_STRIP = NO;
				DEBUG_INFORMATION_FORMAT = dwarf;
				ENABLE_STRICT_OBJC_MSGSEND = YES;
				ENABLE_TESTABILITY = YES;
				GCC_C_LANGUAGE_STANDARD = gnu11;
				GCC_DYNAMIC_NO_PIC = NO;
				GCC_NO_COMMON_BLOCKS = YES;
				GCC_OPTIMIZATION_LEVEL = 0;
				GCC_PREPROCESSOR_DEFINITIONS = (
					"DEBUG=1",
					"$(inherited)",
				);
				GCC_WARN_64_TO_32_BIT_CONVERSION = YES;
				GCC_WARN_ABOUT_RETURN_TYPE = YES_ERROR;
				GCC_WARN_UNDECLARED_SELECTOR = YES;
				GCC_WARN_UNINITIALIZED_AUTOS = YES_AGGRESSIVE;
				GCC_WARN_UNUSED_FUNCTION = YES;
				GCC_WARN_UNUSED_VARIABLE = YES;
				IPHONEOS_DEPLOYMENT_TARGET = 13.0;
				MTL_ENABLE_DEBUG_INFO = INCLUDE_SOURCE;
				MTL_FAST_MATH = YES;
				ONLY_ACTIVE_ARCH = YES;
				SDKROOT = iphoneos;
				SWIFT_ACTIVE_COMPILATION_CONDITIONS = DEBUG;
				SWIFT_OPTIMIZATION_LEVEL = "-Onone";
			};
			name = Debug;
		};
		AD69F7202441C3CE00998E4D /* Release */ = {
			isa = XCBuildConfiguration;
			buildSettings = {
				ALWAYS_SEARCH_USER_PATHS = NO;
				CLANG_ANALYZER_NONNULL = YES;
				CLANG_ANALYZER_NUMBER_OBJECT_CONVERSION = YES_AGGRESSIVE;
				CLANG_CXX_LANGUAGE_STANDARD = "gnu++14";
				CLANG_CXX_LIBRARY = "libc++";
				CLANG_ENABLE_MODULES = YES;
				CLANG_ENABLE_OBJC_ARC = YES;
				CLANG_ENABLE_OBJC_WEAK = YES;
				CLANG_WARN_BLOCK_CAPTURE_AUTORELEASING = YES;
				CLANG_WARN_BOOL_CONVERSION = YES;
				CLANG_WARN_COMMA = YES;
				CLANG_WARN_CONSTANT_CONVERSION = YES;
				CLANG_WARN_DEPRECATED_OBJC_IMPLEMENTATIONS = YES;
				CLANG_WARN_DIRECT_OBJC_ISA_USAGE = YES_ERROR;
				CLANG_WARN_DOCUMENTATION_COMMENTS = YES;
				CLANG_WARN_EMPTY_BODY = YES;
				CLANG_WARN_ENUM_CONVERSION = YES;
				CLANG_WARN_INFINITE_RECURSION = YES;
				CLANG_WARN_INT_CONVERSION = YES;
				CLANG_WARN_NON_LITERAL_NULL_CONVERSION = YES;
				CLANG_WARN_OBJC_IMPLICIT_RETAIN_SELF = YES;
				CLANG_WARN_OBJC_LITERAL_CONVERSION = YES;
				CLANG_WARN_OBJC_ROOT_CLASS = YES_ERROR;
				CLANG_WARN_RANGE_LOOP_ANALYSIS = YES;
				CLANG_WARN_STRICT_PROTOTYPES = YES;
				CLANG_WARN_SUSPICIOUS_MOVE = YES;
				CLANG_WARN_UNGUARDED_AVAILABILITY = YES_AGGRESSIVE;
				CLANG_WARN_UNREACHABLE_CODE = YES;
				CLANG_WARN__DUPLICATE_METHOD_MATCH = YES;
				COPY_PHASE_STRIP = NO;
				DEBUG_INFORMATION_FORMAT = "dwarf-with-dsym";
				ENABLE_NS_ASSERTIONS = NO;
				ENABLE_STRICT_OBJC_MSGSEND = YES;
				GCC_C_LANGUAGE_STANDARD = gnu11;
				GCC_NO_COMMON_BLOCKS = YES;
				GCC_WARN_64_TO_32_BIT_CONVERSION = YES;
				GCC_WARN_ABOUT_RETURN_TYPE = YES_ERROR;
				GCC_WARN_UNDECLARED_SELECTOR = YES;
				GCC_WARN_UNINITIALIZED_AUTOS = YES_AGGRESSIVE;
				GCC_WARN_UNUSED_FUNCTION = YES;
				GCC_WARN_UNUSED_VARIABLE = YES;
				IPHONEOS_DEPLOYMENT_TARGET = 13.0;
				MTL_ENABLE_DEBUG_INFO = NO;
				MTL_FAST_MATH = YES;
				SDKROOT = iphoneos;
				SWIFT_COMPILATION_MODE = wholemodule;
				SWIFT_OPTIMIZATION_LEVEL = "-O";
				VALIDATE_PRODUCT = YES;
			};
			name = Release;
		};
		AD69F7222441C3CE00998E4D /* Debug */ = {
			isa = XCBuildConfiguration;
			baseConfigurationReference = EA83A2F0BAFEA7A1F25FD691 /* Pods-prestigio-bulb.debug.xcconfig */;
			buildSettings = {
				ASSETCATALOG_COMPILER_APPICON_NAME = AppIcon;
				CODE_SIGN_STYLE = Automatic;
				DEVELOPMENT_ASSET_PATHS = "\"prestigio-bulb/Preview Content\"";
				DEVELOPMENT_TEAM = G75RWQNX5D;
				ENABLE_PREVIEWS = YES;
				INFOPLIST_FILE = "prestigio-bulb/Info.plist";
				LD_RUNPATH_SEARCH_PATHS = (
					"$(inherited)",
					"@executable_path/Frameworks",
				);
				PRODUCT_BUNDLE_IDENTIFIER = "io.codelens.tools.prestigio-bulb";
				PRODUCT_NAME = "$(TARGET_NAME)";
				SWIFT_VERSION = 5.0;
				TARGETED_DEVICE_FAMILY = "1,2";
			};
			name = Debug;
		};
		AD69F7232441C3CE00998E4D /* Release */ = {
			isa = XCBuildConfiguration;
			baseConfigurationReference = D11841CD011B9C079BB3A6B0 /* Pods-prestigio-bulb.release.xcconfig */;
			buildSettings = {
				ASSETCATALOG_COMPILER_APPICON_NAME = AppIcon;
				CODE_SIGN_STYLE = Automatic;
				DEVELOPMENT_ASSET_PATHS = "\"prestigio-bulb/Preview Content\"";
				DEVELOPMENT_TEAM = G75RWQNX5D;
				ENABLE_PREVIEWS = YES;
				INFOPLIST_FILE = "prestigio-bulb/Info.plist";
				LD_RUNPATH_SEARCH_PATHS = (
					"$(inherited)",
					"@executable_path/Frameworks",
				);
				PRODUCT_BUNDLE_IDENTIFIER = "io.codelens.tools.prestigio-bulb";
				PRODUCT_NAME = "$(TARGET_NAME)";
				SWIFT_VERSION = 5.0;
				TARGETED_DEVICE_FAMILY = "1,2";
			};
			name = Release;
		};
/* End XCBuildConfiguration section */

/* Begin XCConfigurationList section */
		AD69F7082441C3CC00998E4D /* Build configuration list for PBXProject "prestigio-bulb" */ = {
			isa = XCConfigurationList;
			buildConfigurations = (
				AD69F71F2441C3CE00998E4D /* Debug */,
				AD69F7202441C3CE00998E4D /* Release */,
			);
			defaultConfigurationIsVisible = 0;
			defaultConfigurationName = Release;
		};
		AD69F7212441C3CE00998E4D /* Build configuration list for PBXNativeTarget "prestigio-bulb" */ = {
			isa = XCConfigurationList;
			buildConfigurations = (
				AD69F7222441C3CE00998E4D /* Debug */,
				AD69F7232441C3CE00998E4D /* Release */,
			);
			defaultConfigurationIsVisible = 0;
			defaultConfigurationName = Release;
		};
/* End XCConfigurationList section */
	};
	rootObject = AD69F7052441C3CC00998E4D /* Project object */;
}
